// !$*UTF8*$!
{
	archiveVersion = 1;
	classes = {
	};
	objectVersion = 46;
	objects = {

/* Begin PBXBuildFile section */
		461AB0A71DE29B300021D0B8 /* BonMot.framework in CopyFiles */ = {isa = PBXBuildFile; fileRef = 46DD9BF11DE29AB200E76221 /* BonMot.framework */; settings = {ATTRIBUTES = (CodeSignOnCopy, RemoveHeadersOnCopy, ); }; };
		46D2A1B31DD58BA10086DD33 /* AppDelegate.swift in Sources */ = {isa = PBXBuildFile; fileRef = 46D2A1B21DD58BA10086DD33 /* AppDelegate.swift */; };
		46D2A1B51DD58BA10086DD33 /* Assets.xcassets in Resources */ = {isa = PBXBuildFile; fileRef = 46D2A1B41DD58BA10086DD33 /* Assets.xcassets */; };
		46D2A1B81DD58BA10086DD33 /* MainMenu.xib in Resources */ = {isa = PBXBuildFile; fileRef = 46D2A1B61DD58BA10086DD33 /* MainMenu.xib */; };
/* End PBXBuildFile section */

/* Begin PBXContainerItemProxy section */
		46DD9BE61DE29AB200E76221 /* PBXContainerItemProxy */ = {
			isa = PBXContainerItemProxy;
			containerPortal = 46DD9BD91DE29AB200E76221 /* BonMot.xcodeproj */;
			proxyType = 2;
			remoteGlobalIDString = ABC7774B1DC29F3000815FB9;
			remoteInfo = "Example-iOS";
		};
		46DD9BE81DE29AB200E76221 /* PBXContainerItemProxy */ = {
			isa = PBXContainerItemProxy;
			containerPortal = 46DD9BD91DE29AB200E76221 /* BonMot.xcodeproj */;
			proxyType = 2;
			remoteGlobalIDString = ABCBFD571D96E61000FAD37A;
			remoteInfo = "BonMot-iOS";
		};
		46DD9BEA1DE29AB200E76221 /* PBXContainerItemProxy */ = {
			isa = PBXContainerItemProxy;
			containerPortal = 46DD9BD91DE29AB200E76221 /* BonMot.xcodeproj */;
			proxyType = 2;
			remoteGlobalIDString = ABCBFD5F1D96E61100FAD37A;
			remoteInfo = "BonMot-iOSTests";
		};
		46DD9BEC1DE29AB200E76221 /* PBXContainerItemProxy */ = {
			isa = PBXContainerItemProxy;
			containerPortal = 46DD9BD91DE29AB200E76221 /* BonMot.xcodeproj */;
			proxyType = 2;
			remoteGlobalIDString = ABCD3DEC1D96F6A500273936;
			remoteInfo = "BonMot-tvOS";
		};
		46DD9BEE1DE29AB200E76221 /* PBXContainerItemProxy */ = {
			isa = PBXContainerItemProxy;
			containerPortal = 46DD9BD91DE29AB200E76221 /* BonMot.xcodeproj */;
			proxyType = 2;
			remoteGlobalIDString = ABCD3E051D96F6E200273936;
			remoteInfo = "BonMot-tvOSTests";
		};
		46DD9BF01DE29AB200E76221 /* PBXContainerItemProxy */ = {
			isa = PBXContainerItemProxy;
			containerPortal = 46DD9BD91DE29AB200E76221 /* BonMot.xcodeproj */;
			proxyType = 2;
			remoteGlobalIDString = ABCD3E251D980E4900273936;
			remoteInfo = "BonMot-OSX";
		};
		46DD9BF21DE29AB200E76221 /* PBXContainerItemProxy */ = {
			isa = PBXContainerItemProxy;
			containerPortal = 46DD9BD91DE29AB200E76221 /* BonMot.xcodeproj */;
			proxyType = 2;
			remoteGlobalIDString = ABCD3E3E1D980E5500273936;
			remoteInfo = "BonMot-OSXTests";
		};
		46DD9BF41DE29AB200E76221 /* PBXContainerItemProxy */ = {
			isa = PBXContainerItemProxy;
			containerPortal = 46DD9BD91DE29AB200E76221 /* BonMot.xcodeproj */;
			proxyType = 2;
			remoteGlobalIDString = ABA75DEA1D99E10400B64705;
			remoteInfo = "BonMot-watchOS";
		};
		46DD9BF61DE29AB200E76221 /* PBXContainerItemProxy */ = {
			isa = PBXContainerItemProxy;
			containerPortal = 46DD9BD91DE29AB200E76221 /* BonMot.xcodeproj */;
			proxyType = 2;
			remoteGlobalIDString = ABA75E031D99E10F00B64705;
			remoteInfo = "BonMot-watchOSTests";
		};
		46DD9BF81DE29ACD00E76221 /* PBXContainerItemProxy */ = {
			isa = PBXContainerItemProxy;
			containerPortal = 46DD9BD91DE29AB200E76221 /* BonMot.xcodeproj */;
			proxyType = 1;
			remoteGlobalIDString = ABCD3E071D980E4900273936;
			remoteInfo = "BonMot-OSX";
		};
/* End PBXContainerItemProxy section */

/* Begin PBXCopyFilesBuildPhase section */
		46D2A1C21DD58CA00086DD33 /* CopyFiles */ = {
			isa = PBXCopyFilesBuildPhase;
			buildActionMask = 2147483647;
			dstPath = "";
			dstSubfolderSpec = 10;
			files = (
				461AB0A71DE29B300021D0B8 /* BonMot.framework in CopyFiles */,
			);
			runOnlyForDeploymentPostprocessing = 0;
		};
/* End PBXCopyFilesBuildPhase section */

/* Begin PBXFileReference section */
		46D2A1AF1DD58BA10086DD33 /* Sample-BonMot.app */ = {isa = PBXFileReference; explicitFileType = wrapper.application; includeInIndex = 0; path = "Sample-BonMot.app"; sourceTree = BUILT_PRODUCTS_DIR; };
		46D2A1B21DD58BA10086DD33 /* AppDelegate.swift */ = {isa = PBXFileReference; lastKnownFileType = sourcecode.swift; path = AppDelegate.swift; sourceTree = "<group>"; };
		46D2A1B41DD58BA10086DD33 /* Assets.xcassets */ = {isa = PBXFileReference; lastKnownFileType = folder.assetcatalog; path = Assets.xcassets; sourceTree = "<group>"; };
		46D2A1B71DD58BA10086DD33 /* Base */ = {isa = PBXFileReference; lastKnownFileType = file.xib; name = Base; path = Base.lproj/MainMenu.xib; sourceTree = "<group>"; };
		46D2A1B91DD58BA10086DD33 /* Info.plist */ = {isa = PBXFileReference; lastKnownFileType = text.plist.xml; path = Info.plist; sourceTree = "<group>"; };
		46DD9BD91DE29AB200E76221 /* BonMot.xcodeproj */ = {isa = PBXFileReference; lastKnownFileType = "wrapper.pb-project"; path = BonMot.xcodeproj; sourceTree = "<group>"; };
/* End PBXFileReference section */

/* Begin PBXFrameworksBuildPhase section */
		46D2A1AC1DD58BA10086DD33 /* Frameworks */ = {
			isa = PBXFrameworksBuildPhase;
			buildActionMask = 2147483647;
			files = (
			);
			runOnlyForDeploymentPostprocessing = 0;
		};
/* End PBXFrameworksBuildPhase section */

/* Begin PBXGroup section */
		46D2A1A61DD58BA10086DD33 = {
			isa = PBXGroup;
			children = (
				46DD9BD81DE29A9F00E76221 /* BonMot */,
				46D2A1B11DD58BA10086DD33 /* Sample-BonMot */,
				46D2A1B01DD58BA10086DD33 /* Products */,
			);
			sourceTree = "<group>";
		};
		46D2A1B01DD58BA10086DD33 /* Products */ = {
			isa = PBXGroup;
			children = (
				46D2A1AF1DD58BA10086DD33 /* Sample-BonMot.app */,
			);
			name = Products;
			sourceTree = "<group>";
		};
		46D2A1B11DD58BA10086DD33 /* Sample-BonMot */ = {
			isa = PBXGroup;
			children = (
				46D2A1B21DD58BA10086DD33 /* AppDelegate.swift */,
				46D2A1B41DD58BA10086DD33 /* Assets.xcassets */,
				46D2A1B61DD58BA10086DD33 /* MainMenu.xib */,
				46D2A1B91DD58BA10086DD33 /* Info.plist */,
			);
			path = "Sample-BonMot";
			sourceTree = "<group>";
		};
		46DD9BD81DE29A9F00E76221 /* BonMot */ = {
			isa = PBXGroup;
			children = (
				46DD9BD91DE29AB200E76221 /* BonMot.xcodeproj */,
			);
			path = BonMot;
			sourceTree = "<group>";
		};
		46DD9BDA1DE29AB200E76221 /* Products */ = {
			isa = PBXGroup;
			children = (
				46DD9BE71DE29AB200E76221 /* Example-iOS.app */,
				46DD9BE91DE29AB200E76221 /* BonMot.framework */,
				46DD9BEB1DE29AB200E76221 /* BonMot-iOSTests.xctest */,
				46DD9BED1DE29AB200E76221 /* BonMot.framework */,
				46DD9BEF1DE29AB200E76221 /* BonMot-tvOSTests.xctest */,
				46DD9BF11DE29AB200E76221 /* BonMot.framework */,
				46DD9BF31DE29AB200E76221 /* BonMot-OSXTests.xctest */,
				46DD9BF51DE29AB200E76221 /* BonMot.framework */,
				46DD9BF71DE29AB200E76221 /* BonMot-watchOSTests.xctest */,
			);
			name = Products;
			sourceTree = "<group>";
		};
/* End PBXGroup section */

/* Begin PBXNativeTarget section */
		46D2A1AE1DD58BA10086DD33 /* Sample-BonMot */ = {
			isa = PBXNativeTarget;
			buildConfigurationList = 46D2A1BC1DD58BA10086DD33 /* Build configuration list for PBXNativeTarget "Sample-BonMot" */;
			buildPhases = (
				46D2A1AB1DD58BA10086DD33 /* Sources */,
				46D2A1AC1DD58BA10086DD33 /* Frameworks */,
				46D2A1AD1DD58BA10086DD33 /* Resources */,
				46D2A1C21DD58CA00086DD33 /* CopyFiles */,
			);
			buildRules = (
			);
			dependencies = (
				46DD9BF91DE29ACD00E76221 /* PBXTargetDependency */,
			);
			name = "Sample-BonMot";
			productName = "Sample-BonMot";
			productReference = 46D2A1AF1DD58BA10086DD33 /* Sample-BonMot.app */;
			productType = "com.apple.product-type.application";
		};
/* End PBXNativeTarget section */

/* Begin PBXProject section */
		46D2A1A71DD58BA10086DD33 /* Project object */ = {
			isa = PBXProject;
			attributes = {
				LastSwiftUpdateCheck = 0810;
				LastUpgradeCheck = 0810;
				ORGANIZATIONNAME = OutOfBedlam;
				TargetAttributes = {
					46D2A1AE1DD58BA10086DD33 = {
						CreatedOnToolsVersion = 8.1;
						ProvisioningStyle = Automatic;
					};
				};
			};
			buildConfigurationList = 46D2A1AA1DD58BA10086DD33 /* Build configuration list for PBXProject "Sample-BonMot" */;
			compatibilityVersion = "Xcode 3.2";
			developmentRegion = English;
			hasScannedForEncodings = 0;
			knownRegions = (
				en,
				Base,
			);
			mainGroup = 46D2A1A61DD58BA10086DD33;
			productRefGroup = 46D2A1B01DD58BA10086DD33 /* Products */;
			projectDirPath = "";
			projectReferences = (
				{
					ProductGroup = 46DD9BDA1DE29AB200E76221 /* Products */;
					ProjectRef = 46DD9BD91DE29AB200E76221 /* BonMot.xcodeproj */;
				},
			);
			projectRoot = "";
			targets = (
				46D2A1AE1DD58BA10086DD33 /* Sample-BonMot */,
			);
		};
/* End PBXProject section */

/* Begin PBXReferenceProxy section */
		46DD9BE71DE29AB200E76221 /* Example-iOS.app */ = {
			isa = PBXReferenceProxy;
			fileType = wrapper.application;
			path = "Example-iOS.app";
			remoteRef = 46DD9BE61DE29AB200E76221 /* PBXContainerItemProxy */;
			sourceTree = BUILT_PRODUCTS_DIR;
		};
		46DD9BE91DE29AB200E76221 /* BonMot.framework */ = {
			isa = PBXReferenceProxy;
			fileType = wrapper.framework;
			path = BonMot.framework;
			remoteRef = 46DD9BE81DE29AB200E76221 /* PBXContainerItemProxy */;
			sourceTree = BUILT_PRODUCTS_DIR;
		};
		46DD9BEB1DE29AB200E76221 /* BonMot-iOSTests.xctest */ = {
			isa = PBXReferenceProxy;
			fileType = wrapper.cfbundle;
			path = "BonMot-iOSTests.xctest";
			remoteRef = 46DD9BEA1DE29AB200E76221 /* PBXContainerItemProxy */;
			sourceTree = BUILT_PRODUCTS_DIR;
		};
		46DD9BED1DE29AB200E76221 /* BonMot.framework */ = {
			isa = PBXReferenceProxy;
			fileType = wrapper.framework;
			path = BonMot.framework;
			remoteRef = 46DD9BEC1DE29AB200E76221 /* PBXContainerItemProxy */;
			sourceTree = BUILT_PRODUCTS_DIR;
		};
		46DD9BEF1DE29AB200E76221 /* BonMot-tvOSTests.xctest */ = {
			isa = PBXReferenceProxy;
			fileType = wrapper.cfbundle;
			path = "BonMot-tvOSTests.xctest";
			remoteRef = 46DD9BEE1DE29AB200E76221 /* PBXContainerItemProxy */;
			sourceTree = BUILT_PRODUCTS_DIR;
		};
		46DD9BF11DE29AB200E76221 /* BonMot.framework */ = {
			isa = PBXReferenceProxy;
			fileType = wrapper.framework;
			path = BonMot.framework;
			remoteRef = 46DD9BF01DE29AB200E76221 /* PBXContainerItemProxy */;
			sourceTree = BUILT_PRODUCTS_DIR;
		};
		46DD9BF31DE29AB200E76221 /* BonMot-OSXTests.xctest */ = {
			isa = PBXReferenceProxy;
			fileType = wrapper.cfbundle;
			path = "BonMot-OSXTests.xctest";
			remoteRef = 46DD9BF21DE29AB200E76221 /* PBXContainerItemProxy */;
			sourceTree = BUILT_PRODUCTS_DIR;
		};
		46DD9BF51DE29AB200E76221 /* BonMot.framework */ = {
			isa = PBXReferenceProxy;
			fileType = wrapper.framework;
			path = BonMot.framework;
			remoteRef = 46DD9BF41DE29AB200E76221 /* PBXContainerItemProxy */;
			sourceTree = BUILT_PRODUCTS_DIR;
		};
		46DD9BF71DE29AB200E76221 /* BonMot-watchOSTests.xctest */ = {
			isa = PBXReferenceProxy;
			fileType = wrapper.cfbundle;
			path = "BonMot-watchOSTests.xctest";
			remoteRef = 46DD9BF61DE29AB200E76221 /* PBXContainerItemProxy */;
			sourceTree = BUILT_PRODUCTS_DIR;
		};
/* End PBXReferenceProxy section */

/* Begin PBXResourcesBuildPhase section */
		46D2A1AD1DD58BA10086DD33 /* Resources */ = {
			isa = PBXResourcesBuildPhase;
			buildActionMask = 2147483647;
			files = (
				46D2A1B51DD58BA10086DD33 /* Assets.xcassets in Resources */,
				46D2A1B81DD58BA10086DD33 /* MainMenu.xib in Resources */,
			);
			runOnlyForDeploymentPostprocessing = 0;
		};
/* End PBXResourcesBuildPhase section */

/* Begin PBXSourcesBuildPhase section */
		46D2A1AB1DD58BA10086DD33 /* Sources */ = {
			isa = PBXSourcesBuildPhase;
			buildActionMask = 2147483647;
			files = (
				46D2A1B31DD58BA10086DD33 /* AppDelegate.swift in Sources */,
			);
			runOnlyForDeploymentPostprocessing = 0;
		};
/* End PBXSourcesBuildPhase section */

/* Begin PBXTargetDependency section */
		46DD9BF91DE29ACD00E76221 /* PBXTargetDependency */ = {
			isa = PBXTargetDependency;
			name = "BonMot-OSX";
			targetProxy = 46DD9BF81DE29ACD00E76221 /* PBXContainerItemProxy */;
		};
/* End PBXTargetDependency section */

/* Begin PBXVariantGroup section */
		46D2A1B61DD58BA10086DD33 /* MainMenu.xib */ = {
			isa = PBXVariantGroup;
			children = (
				46D2A1B71DD58BA10086DD33 /* Base */,
			);
			name = MainMenu.xib;
			sourceTree = "<group>";
		};
/* End PBXVariantGroup section */

/* Begin XCBuildConfiguration section */
		46D2A1BA1DD58BA10086DD33 /* Debug */ = {
			isa = XCBuildConfiguration;
			buildSettings = {
				ALWAYS_SEARCH_USER_PATHS = NO;
				CLANG_ANALYZER_NONNULL = YES;
				CLANG_CXX_LANGUAGE_STANDARD = "gnu++0x";
				CLANG_CXX_LIBRARY = "libc++";
				CLANG_ENABLE_MODULES = YES;
				CLANG_ENABLE_OBJC_ARC = YES;
				CLANG_WARN_BOOL_CONVERSION = YES;
				CLANG_WARN_CONSTANT_CONVERSION = YES;
				CLANG_WARN_DIRECT_OBJC_ISA_USAGE = YES_ERROR;
				CLANG_WARN_DOCUMENTATION_COMMENTS = YES;
				CLANG_WARN_EMPTY_BODY = YES;
				CLANG_WARN_ENUM_CONVERSION = YES;
				CLANG_WARN_INFINITE_RECURSION = YES;
				CLANG_WARN_INT_CONVERSION = YES;
				CLANG_WARN_OBJC_ROOT_CLASS = YES_ERROR;
				CLANG_WARN_SUSPICIOUS_MOVES = YES;
				CLANG_WARN_UNREACHABLE_CODE = YES;
				CLANG_WARN__DUPLICATE_METHOD_MATCH = YES;
				CODE_SIGN_IDENTITY = "-";
				COPY_PHASE_STRIP = NO;
				DEBUG_INFORMATION_FORMAT = dwarf;
				ENABLE_STRICT_OBJC_MSGSEND = YES;
				ENABLE_TESTABILITY = YES;
				GCC_C_LANGUAGE_STANDARD = gnu99;
				GCC_DYNAMIC_NO_PIC = NO;
				GCC_NO_COMMON_BLOCKS = YES;
				GCC_OPTIMIZATION_LEVEL = 0;
				GCC_PREPROCESSOR_DEFINITIONS = (
					"DEBUG=1",
					"$(inherited)",
				);
				GCC_WARN_64_TO_32_BIT_CONVERSION = YES;
				GCC_WARN_ABOUT_RETURN_TYPE = YES_ERROR;
				GCC_WARN_UNDECLARED_SELECTOR = YES;
				GCC_WARN_UNINITIALIZED_AUTOS = YES_AGGRESSIVE;
				GCC_WARN_UNUSED_FUNCTION = YES;
				GCC_WARN_UNUSED_VARIABLE = YES;
				MACOSX_DEPLOYMENT_TARGET = 10.11;
				MTL_ENABLE_DEBUG_INFO = YES;
				ONLY_ACTIVE_ARCH = YES;
				SDKROOT = macosx;
				SWIFT_ACTIVE_COMPILATION_CONDITIONS = DEBUG;
				SWIFT_OPTIMIZATION_LEVEL = "-Onone";
			};
			name = Debug;
		};
		46D2A1BB1DD58BA10086DD33 /* Release */ = {
			isa = XCBuildConfiguration;
			buildSettings = {
				ALWAYS_SEARCH_USER_PATHS = NO;
				CLANG_ANALYZER_NONNULL = YES;
				CLANG_CXX_LANGUAGE_STANDARD = "gnu++0x";
				CLANG_CXX_LIBRARY = "libc++";
				CLANG_ENABLE_MODULES = YES;
				CLANG_ENABLE_OBJC_ARC = YES;
				CLANG_WARN_BOOL_CONVERSION = YES;
				CLANG_WARN_CONSTANT_CONVERSION = YES;
				CLANG_WARN_DIRECT_OBJC_ISA_USAGE = YES_ERROR;
				CLANG_WARN_DOCUMENTATION_COMMENTS = YES;
				CLANG_WARN_EMPTY_BODY = YES;
				CLANG_WARN_ENUM_CONVERSION = YES;
				CLANG_WARN_INFINITE_RECURSION = YES;
				CLANG_WARN_INT_CONVERSION = YES;
				CLANG_WARN_OBJC_ROOT_CLASS = YES_ERROR;
				CLANG_WARN_SUSPICIOUS_MOVES = YES;
				CLANG_WARN_UNREACHABLE_CODE = YES;
				CLANG_WARN__DUPLICATE_METHOD_MATCH = YES;
				CODE_SIGN_IDENTITY = "-";
				COPY_PHASE_STRIP = NO;
				DEBUG_INFORMATION_FORMAT = "dwarf-with-dsym";
				ENABLE_NS_ASSERTIONS = NO;
				ENABLE_STRICT_OBJC_MSGSEND = YES;
				GCC_C_LANGUAGE_STANDARD = gnu99;
				GCC_NO_COMMON_BLOCKS = YES;
				GCC_WARN_64_TO_32_BIT_CONVERSION = YES;
				GCC_WARN_ABOUT_RETURN_TYPE = YES_ERROR;
				GCC_WARN_UNDECLARED_SELECTOR = YES;
				GCC_WARN_UNINITIALIZED_AUTOS = YES_AGGRESSIVE;
				GCC_WARN_UNUSED_FUNCTION = YES;
				GCC_WARN_UNUSED_VARIABLE = YES;
				MACOSX_DEPLOYMENT_TARGET = 10.11;
				MTL_ENABLE_DEBUG_INFO = NO;
				SDKROOT = macosx;
				SWIFT_OPTIMIZATION_LEVEL = "-Owholemodule";
			};
			name = Release;
		};
		46D2A1BD1DD58BA10086DD33 /* Debug */ = {
			isa = XCBuildConfiguration;
			buildSettings = {
				ASSETCATALOG_COMPILER_APPICON_NAME = AppIcon;
				COMBINE_HIDPI_IMAGES = YES;
				FRAMEWORK_SEARCH_PATHS = (
					"$(inherited)",
					"$(PROJECT_DIR)/Sample-BonMot/Frameworks",
				);
				INFOPLIST_FILE = "Sample-BonMot/Info.plist";
				LD_RUNPATH_SEARCH_PATHS = "$(inherited) @executable_path/../Frameworks";
				PRODUCT_BUNDLE_IDENTIFIER = "com.github.OutOfBedlam.Sample-BonMot";
				PRODUCT_NAME = "$(TARGET_NAME)";
				SWIFT_VERSION = 3.0;
			};
			name = Debug;
		};
		46D2A1BE1DD58BA10086DD33 /* Release */ = {
			isa = XCBuildConfiguration;
			buildSettings = {
				ASSETCATALOG_COMPILER_APPICON_NAME = AppIcon;
				COMBINE_HIDPI_IMAGES = YES;
				FRAMEWORK_SEARCH_PATHS = (
					"$(inherited)",
					"$(PROJECT_DIR)/Sample-BonMot/Frameworks",
				);
				INFOPLIST_FILE = "Sample-BonMot/Info.plist";
				LD_RUNPATH_SEARCH_PATHS = "$(inherited) @executable_path/../Frameworks";
				PRODUCT_BUNDLE_IDENTIFIER = "com.github.OutOfBedlam.Sample-BonMot";
				PRODUCT_NAME = "$(TARGET_NAME)";
				SWIFT_VERSION = 3.0;
			};
			name = Release;
		};
/* End XCBuildConfiguration section */

/* Begin XCConfigurationList section */
		46D2A1AA1DD58BA10086DD33 /* Build configuration list for PBXProject "Sample-BonMot" */ = {
			isa = XCConfigurationList;
			buildConfigurations = (
				46D2A1BA1DD58BA10086DD33 /* Debug */,
				46D2A1BB1DD58BA10086DD33 /* Release */,
			);
			defaultConfigurationIsVisible = 0;
			defaultConfigurationName = Release;
		};
		46D2A1BC1DD58BA10086DD33 /* Build configuration list for PBXNativeTarget "Sample-BonMot" */ = {
			isa = XCConfigurationList;
			buildConfigurations = (
				46D2A1BD1DD58BA10086DD33 /* Debug */,
				46D2A1BE1DD58BA10086DD33 /* Release */,
			);
			defaultConfigurationIsVisible = 0;
			defaultConfigurationName = Release;
		};
/* End XCConfigurationList section */
	};
	rootObject = 46D2A1A71DD58BA10086DD33 /* Project object */;
}
